// !$*UTF8*$!
{
	archiveVersion = 1;
	classes = {
	};
	objectVersion = 46;
	objects = {

/* Begin PBXBuildFile section */
		2C5BED2E1C63BB1F00D9A4C5 /* Assets.xcassets in Resources */ = {isa = PBXBuildFile; fileRef = 2C5BED2D1C63BB1F00D9A4C5 /* Assets.xcassets */; };
		2C8AD8DD1C63D94B005E98D1 /* cairo-cff-subset.c in Sources */ = {isa = PBXBuildFile; fileRef = 2C8AD8D61C63D94B005E98D1 /* cairo-cff-subset.c */; };
		2C8AD8DE1C63D94C005E98D1 /* cairo-scaled-font-subsets.c in Sources */ = {isa = PBXBuildFile; fileRef = 2C8AD8D71C63D94B005E98D1 /* cairo-scaled-font-subsets.c */; };
		2C8AD8DF1C63D94C005E98D1 /* cairo-truetype-subset.c in Sources */ = {isa = PBXBuildFile; fileRef = 2C8AD8D81C63D94B005E98D1 /* cairo-truetype-subset.c */; };
		2C8AD8E01C63D94C005E98D1 /* cairo-type1-fallback.c in Sources */ = {isa = PBXBuildFile; fileRef = 2C8AD8D91C63D94B005E98D1 /* cairo-type1-fallback.c */; };
		2C8AD8E11C63D94C005E98D1 /* cairo-type1-glyph-names.c in Sources */ = {isa = PBXBuildFile; fileRef = 2C8AD8DA1C63D94B005E98D1 /* cairo-type1-glyph-names.c */; };
		2C8AD8E21C63D94C005E98D1 /* cairo-type1-subset.c in Sources */ = {isa = PBXBuildFile; fileRef = 2C8AD8DB1C63D94B005E98D1 /* cairo-type1-subset.c */; };
		2C8AD8E31C63D94C005E98D1 /* cairo-type3-glyph-surface.c in Sources */ = {isa = PBXBuildFile; fileRef = 2C8AD8DC1C63D94B005E98D1 /* cairo-type3-glyph-surface.c */; };
		2C8AD8E61C63DA43005E98D1 /* cairo-ft-font.c in Sources */ = {isa = PBXBuildFile; fileRef = 2C8AD8E51C63DA43005E98D1 /* cairo-ft-font.c */; };
		2C8AD8E81C63DB81005E98D1 /* cairo-test.c in Sources */ = {isa = PBXBuildFile; fileRef = 2C8AD8E71C63DB81005E98D1 /* cairo-test.c */; };
		2CAAF0131C63BD5000FAB706 /* cairo-analysis-surface.c in Sources */ = {isa = PBXBuildFile; fileRef = 2CAAEFF51C63BD5000FAB706 /* cairo-analysis-surface.c */; };
		2CAAF0141C63BD5000FAB706 /* cairo-arc.c in Sources */ = {isa = PBXBuildFile; fileRef = 2CAAEFF61C63BD5000FAB706 /* cairo-arc.c */; };
		2CAAF0151C63BD5000FAB706 /* cairo-array.c in Sources */ = {isa = PBXBuildFile; fileRef = 2CAAEFF71C63BD5000FAB706 /* cairo-array.c */; };
		2CAAF0161C63BD5000FAB706 /* cairo-atomic.c in Sources */ = {isa = PBXBuildFile; fileRef = 2CAAEFF81C63BD5000FAB706 /* cairo-atomic.c */; };
		2CAAF0171C63BD5000FAB706 /* cairo-base64-stream.c in Sources */ = {isa = PBXBuildFile; fileRef = 2CAAEFF91C63BD5000FAB706 /* cairo-base64-stream.c */; };
		2CAAF0181C63BD5000FAB706 /* cairo-base85-stream.c in Sources */ = {isa = PBXBuildFile; fileRef = 2CAAEFFA1C63BD5000FAB706 /* cairo-base85-stream.c */; };
		2CAAF0191C63BD5000FAB706 /* cairo-bentley-ottmann-rectangular.c in Sources */ = {isa = PBXBuildFile; fileRef = 2CAAEFFB1C63BD5000FAB706 /* cairo-bentley-ottmann-rectangular.c */; };
		2CAAF01A1C63BD5000FAB706 /* cairo-bentley-ottmann-rectilinear.c in Sources */ = {isa = PBXBuildFile; fileRef = 2CAAEFFC1C63BD5000FAB706 /* cairo-bentley-ottmann-rectilinear.c */; };
		2CAAF01B1C63BD5000FAB706 /* cairo-bentley-ottmann.c in Sources */ = {isa = PBXBuildFile; fileRef = 2CAAEFFD1C63BD5000FAB706 /* cairo-bentley-ottmann.c */; };
		2CAAF01C1C63BD5000FAB706 /* cairo-botor-scan-converter.c in Sources */ = {isa = PBXBuildFile; fileRef = 2CAAEFFE1C63BD5000FAB706 /* cairo-botor-scan-converter.c */; };
		2CAAF01D1C63BD5000FAB706 /* cairo-boxes-intersect.c in Sources */ = {isa = PBXBuildFile; fileRef = 2CAAEFFF1C63BD5000FAB706 /* cairo-boxes-intersect.c */; };
		2CAAF01E1C63BD5000FAB706 /* cairo-boxes.c in Sources */ = {isa = PBXBuildFile; fileRef = 2CAAF0001C63BD5000FAB706 /* cairo-boxes.c */; };
		2CAAF01F1C63BD5000FAB706 /* cairo-cache.c in Sources */ = {isa = PBXBuildFile; fileRef = 2CAAF0011C63BD5000FAB706 /* cairo-cache.c */; };
		2CAAF0201C63BD5000FAB706 /* cairo-clip-boxes.c in Sources */ = {isa = PBXBuildFile; fileRef = 2CAAF0021C63BD5000FAB706 /* cairo-clip-boxes.c */; };
		2CAAF0211C63BD5000FAB706 /* cairo-clip-polygon.c in Sources */ = {isa = PBXBuildFile; fileRef = 2CAAF0031C63BD5000FAB706 /* cairo-clip-polygon.c */; };
		2CAAF0221C63BD5000FAB706 /* cairo-clip-region.c in Sources */ = {isa = PBXBuildFile; fileRef = 2CAAF0041C63BD5000FAB706 /* cairo-clip-region.c */; };
		2CAAF0231C63BD5000FAB706 /* cairo-clip-surface.c in Sources */ = {isa = PBXBuildFile; fileRef = 2CAAF0051C63BD5000FAB706 /* cairo-clip-surface.c */; };
		2CAAF0241C63BD5000FAB706 /* cairo-clip.c in Sources */ = {isa = PBXBuildFile; fileRef = 2CAAF0061C63BD5000FAB706 /* cairo-clip.c */; };
		2CAAF0251C63BD5000FAB706 /* cairo-color.c in Sources */ = {isa = PBXBuildFile; fileRef = 2CAAF0071C63BD5000FAB706 /* cairo-color.c */; };
		2CAAF0261C63BD5000FAB706 /* cairo-composite-rectangles.c in Sources */ = {isa = PBXBuildFile; fileRef = 2CAAF0081C63BD5000FAB706 /* cairo-composite-rectangles.c */; };
		2CAAF0271C63BD5000FAB706 /* cairo-compositor.c in Sources */ = {isa = PBXBuildFile; fileRef = 2CAAF0091C63BD5000FAB706 /* cairo-compositor.c */; };
		2CAAF0281C63BD5000FAB706 /* cairo-contour.c in Sources */ = {isa = PBXBuildFile; fileRef = 2CAAF00A1C63BD5000FAB706 /* cairo-contour.c */; };
		2CAAF0291C63BD5000FAB706 /* cairo-damage.c in Sources */ = {isa = PBXBuildFile; fileRef = 2CAAF00B1C63BD5000FAB706 /* cairo-damage.c */; };
		2CAAF02A1C63BD5000FAB706 /* cairo-debug.c in Sources */ = {isa = PBXBuildFile; fileRef = 2CAAF00C1C63BD5000FAB706 /* cairo-debug.c */; };
		2CAAF02B1C63BD5000FAB706 /* cairo-default-context.c in Sources */ = {isa = PBXBuildFile; fileRef = 2CAAF00D1C63BD5000FAB706 /* cairo-default-context.c */; };
		2CAAF02C1C63BD5000FAB706 /* cairo-device.c in Sources */ = {isa = PBXBuildFile; fileRef = 2CAAF00E1C63BD5000FAB706 /* cairo-device.c */; };
		2CAAF02D1C63BD5000FAB706 /* cairo-error.c in Sources */ = {isa = PBXBuildFile; fileRef = 2CAAF00F1C63BD5000FAB706 /* cairo-error.c */; };
		2CAAF02E1C63BD5000FAB706 /* cairo-fallback-compositor.c in Sources */ = {isa = PBXBuildFile; fileRef = 2CAAF0101C63BD5000FAB706 /* cairo-fallback-compositor.c */; };
		2CAAF02F1C63BD5000FAB706 /* cairo-fixed.c in Sources */ = {isa = PBXBuildFile; fileRef = 2CAAF0111C63BD5000FAB706 /* cairo-fixed.c */; };
		2CAAF0301C63BD5000FAB706 /* cairo.c in Sources */ = {isa = PBXBuildFile; fileRef = 2CAAF0121C63BD5000FAB706 /* cairo.c */; };
		2CAAF07A1C63BF9900FAB706 /* cairo-clip-tor-scan-converter.c in Sources */ = {isa = PBXBuildFile; fileRef = 2CAAF0311C63BF9900FAB706 /* cairo-clip-tor-scan-converter.c */; };
		2CAAF07B1C63BF9900FAB706 /* cairo-font-face-twin-data.c in Sources */ = {isa = PBXBuildFile; fileRef = 2CAAF0321C63BF9900FAB706 /* cairo-font-face-twin-data.c */; };
		2CAAF07C1C63BF9900FAB706 /* cairo-font-face-twin.c in Sources */ = {isa = PBXBuildFile; fileRef = 2CAAF0331C63BF9900FAB706 /* cairo-font-face-twin.c */; };
		2CAAF07D1C63BF9900FAB706 /* cairo-font-face.c in Sources */ = {isa = PBXBuildFile; fileRef = 2CAAF0341C63BF9900FAB706 /* cairo-font-face.c */; };
		2CAAF07E1C63BF9900FAB706 /* cairo-font-options.c in Sources */ = {isa = PBXBuildFile; fileRef = 2CAAF0351C63BF9900FAB706 /* cairo-font-options.c */; };
		2CAAF07F1C63BF9900FAB706 /* cairo-freed-pool.c in Sources */ = {isa = PBXBuildFile; fileRef = 2CAAF0361C63BF9900FAB706 /* cairo-freed-pool.c */; };
		2CAAF0801C63BF9900FAB706 /* cairo-freelist.c in Sources */ = {isa = PBXBuildFile; fileRef = 2CAAF0371C63BF9900FAB706 /* cairo-freelist.c */; };
		2CAAF0811C63BF9900FAB706 /* cairo-gstate.c in Sources */ = {isa = PBXBuildFile; fileRef = 2CAAF0381C63BF9900FAB706 /* cairo-gstate.c */; };
		2CAAF0821C63BF9900FAB706 /* cairo-hash.c in Sources */ = {isa = PBXBuildFile; fileRef = 2CAAF0391C63BF9900FAB706 /* cairo-hash.c */; };
		2CAAF0831C63BF9900FAB706 /* cairo-hull.c in Sources */ = {isa = PBXBuildFile; fileRef = 2CAAF03A1C63BF9900FAB706 /* cairo-hull.c */; };
		2CAAF0841C63BF9900FAB706 /* cairo-image-compositor.c in Sources */ = {isa = PBXBuildFile; fileRef = 2CAAF03B1C63BF9900FAB706 /* cairo-image-compositor.c */; };
		2CAAF0851C63BF9900FAB706 /* cairo-image-info.c in Sources */ = {isa = PBXBuildFile; fileRef = 2CAAF03C1C63BF9900FAB706 /* cairo-image-info.c */; };
		2CAAF0861C63BF9900FAB706 /* cairo-image-source.c in Sources */ = {isa = PBXBuildFile; fileRef = 2CAAF03D1C63BF9900FAB706 /* cairo-image-source.c */; };
		2CAAF0871C63BF9900FAB706 /* cairo-image-surface.c in Sources */ = {isa = PBXBuildFile; fileRef = 2CAAF03E1C63BF9900FAB706 /* cairo-image-surface.c */; };
		2CAAF0881C63BF9900FAB706 /* cairo-lzw.c in Sources */ = {isa = PBXBuildFile; fileRef = 2CAAF03F1C63BF9900FAB706 /* cairo-lzw.c */; };
		2CAAF0891C63BF9900FAB706 /* cairo-mask-compositor.c in Sources */ = {isa = PBXBuildFile; fileRef = 2CAAF0401C63BF9900FAB706 /* cairo-mask-compositor.c */; };
		2CAAF08A1C63BF9900FAB706 /* cairo-matrix.c in Sources */ = {isa = PBXBuildFile; fileRef = 2CAAF0411C63BF9900FAB706 /* cairo-matrix.c */; };
		2CAAF08B1C63BF9900FAB706 /* cairo-mempool.c in Sources */ = {isa = PBXBuildFile; fileRef = 2CAAF0421C63BF9900FAB706 /* cairo-mempool.c */; };
		2CAAF08C1C63BF9900FAB706 /* cairo-mesh-pattern-rasterizer.c in Sources */ = {isa = PBXBuildFile; fileRef = 2CAAF0431C63BF9900FAB706 /* cairo-mesh-pattern-rasterizer.c */; };
		2CAAF08D1C63BF9900FAB706 /* cairo-misc.c in Sources */ = {isa = PBXBuildFile; fileRef = 2CAAF0441C63BF9900FAB706 /* cairo-misc.c */; };
		2CAAF08E1C63BF9900FAB706 /* cairo-mono-scan-converter.c in Sources */ = {isa = PBXBuildFile; fileRef = 2CAAF0451C63BF9900FAB706 /* cairo-mono-scan-converter.c */; };
		2CAAF08F1C63BF9900FAB706 /* cairo-mutex.c in Sources */ = {isa = PBXBuildFile; fileRef = 2CAAF0461C63BF9900FAB706 /* cairo-mutex.c */; };
		2CAAF0901C63BF9900FAB706 /* cairo-no-compositor.c in Sources */ = {isa = PBXBuildFile; fileRef = 2CAAF0471C63BF9900FAB706 /* cairo-no-compositor.c */; };
		2CAAF0911C63BF9900FAB706 /* cairo-observer.c in Sources */ = {isa = PBXBuildFile; fileRef = 2CAAF0481C63BF9900FAB706 /* cairo-observer.c */; };
		2CAAF0921C63BF9900FAB706 /* cairo-output-stream.c in Sources */ = {isa = PBXBuildFile; fileRef = 2CAAF0491C63BF9900FAB706 /* cairo-output-stream.c */; };
		2CAAF0931C63BF9900FAB706 /* cairo-paginated-surface.c in Sources */ = {isa = PBXBuildFile; fileRef = 2CAAF04A1C63BF9900FAB706 /* cairo-paginated-surface.c */; };
		2CAAF0941C63BF9900FAB706 /* cairo-path-bounds.c in Sources */ = {isa = PBXBuildFile; fileRef = 2CAAF04B1C63BF9900FAB706 /* cairo-path-bounds.c */; };
		2CAAF0951C63BF9900FAB706 /* cairo-path-fill.c in Sources */ = {isa = PBXBuildFile; fileRef = 2CAAF04C1C63BF9900FAB706 /* cairo-path-fill.c */; };
		2CAAF0961C63BF9900FAB706 /* cairo-path-fixed.c in Sources */ = {isa = PBXBuildFile; fileRef = 2CAAF04D1C63BF9900FAB706 /* cairo-path-fixed.c */; };
		2CAAF0971C63BF9900FAB706 /* cairo-path-in-fill.c in Sources */ = {isa = PBXBuildFile; fileRef = 2CAAF04E1C63BF9900FAB706 /* cairo-path-in-fill.c */; };
		2CAAF0981C63BF9900FAB706 /* cairo-path-stroke-boxes.c in Sources */ = {isa = PBXBuildFile; fileRef = 2CAAF04F1C63BF9900FAB706 /* cairo-path-stroke-boxes.c */; };
		2CAAF0991C63BF9900FAB706 /* cairo-path-stroke-polygon.c in Sources */ = {isa = PBXBuildFile; fileRef = 2CAAF0501C63BF9900FAB706 /* cairo-path-stroke-polygon.c */; };
		2CAAF09A1C63BF9900FAB706 /* cairo-path-stroke-tristrip.c in Sources */ = {isa = PBXBuildFile; fileRef = 2CAAF0511C63BF9900FAB706 /* cairo-path-stroke-tristrip.c */; };
		2CAAF09B1C63BF9900FAB706 /* cairo-path-stroke.c in Sources */ = {isa = PBXBuildFile; fileRef = 2CAAF0521C63BF9900FAB706 /* cairo-path-stroke.c */; };
		2CAAF09C1C63BF9900FAB706 /* cairo-path.c in Sources */ = {isa = PBXBuildFile; fileRef = 2CAAF0531C63BF9900FAB706 /* cairo-path.c */; };
		2CAAF09D1C63BF9900FAB706 /* cairo-pattern.c in Sources */ = {isa = PBXBuildFile; fileRef = 2CAAF0541C63BF9900FAB706 /* cairo-pattern.c */; };
		2CAAF09E1C63BF9900FAB706 /* cairo-pen.c in Sources */ = {isa = PBXBuildFile; fileRef = 2CAAF0551C63BF9900FAB706 /* cairo-pen.c */; };
		2CAAF09F1C63BF9900FAB706 /* cairo-polygon-intersect.c in Sources */ = {isa = PBXBuildFile; fileRef = 2CAAF0561C63BF9900FAB706 /* cairo-polygon-intersect.c */; };
		2CAAF0A01C63BF9900FAB706 /* cairo-polygon-reduce.c in Sources */ = {isa = PBXBuildFile; fileRef = 2CAAF0571C63BF9900FAB706 /* cairo-polygon-reduce.c */; };
		2CAAF0A11C63BF9900FAB706 /* cairo-polygon.c in Sources */ = {isa = PBXBuildFile; fileRef = 2CAAF0581C63BF9900FAB706 /* cairo-polygon.c */; };
		2CAAF0A21C63BF9900FAB706 /* cairo-raster-source-pattern.c in Sources */ = {isa = PBXBuildFile; fileRef = 2CAAF0591C63BF9900FAB706 /* cairo-raster-source-pattern.c */; };
		2CAAF0A31C63BF9900FAB706 /* cairo-recording-surface.c in Sources */ = {isa = PBXBuildFile; fileRef = 2CAAF05A1C63BF9900FAB706 /* cairo-recording-surface.c */; };
		2CAAF0A41C63BF9900FAB706 /* cairo-rectangle.c in Sources */ = {isa = PBXBuildFile; fileRef = 2CAAF05B1C63BF9900FAB706 /* cairo-rectangle.c */; };
		2CAAF0A51C63BF9900FAB706 /* cairo-rectangular-scan-converter.c in Sources */ = {isa = PBXBuildFile; fileRef = 2CAAF05C1C63BF9900FAB706 /* cairo-rectangular-scan-converter.c */; };
		2CAAF0A61C63BF9900FAB706 /* cairo-region.c in Sources */ = {isa = PBXBuildFile; fileRef = 2CAAF05D1C63BF9900FAB706 /* cairo-region.c */; };
		2CAAF0A71C63BF9900FAB706 /* cairo-rtree.c in Sources */ = {isa = PBXBuildFile; fileRef = 2CAAF05E1C63BF9900FAB706 /* cairo-rtree.c */; };
		2CAAF0A81C63BF9900FAB706 /* cairo-scaled-font.c in Sources */ = {isa = PBXBuildFile; fileRef = 2CAAF05F1C63BF9900FAB706 /* cairo-scaled-font.c */; };
		2CAAF0A91C63BF9900FAB706 /* cairo-shape-mask-compositor.c in Sources */ = {isa = PBXBuildFile; fileRef = 2CAAF0601C63BF9900FAB706 /* cairo-shape-mask-compositor.c */; };
		2CAAF0AA1C63BF9900FAB706 /* cairo-slope.c in Sources */ = {isa = PBXBuildFile; fileRef = 2CAAF0611C63BF9900FAB706 /* cairo-slope.c */; };
		2CAAF0AB1C63BF9900FAB706 /* cairo-spans-compositor.c in Sources */ = {isa = PBXBuildFile; fileRef = 2CAAF0621C63BF9900FAB706 /* cairo-spans-compositor.c */; };
		2CAAF0AC1C63BF9900FAB706 /* cairo-spans.c in Sources */ = {isa = PBXBuildFile; fileRef = 2CAAF0631C63BF9900FAB706 /* cairo-spans.c */; };
		2CAAF0AD1C63BF9900FAB706 /* cairo-spline.c in Sources */ = {isa = PBXBuildFile; fileRef = 2CAAF0641C63BF9900FAB706 /* cairo-spline.c */; };
		2CAAF0AE1C63BF9900FAB706 /* cairo-stroke-dash.c in Sources */ = {isa = PBXBuildFile; fileRef = 2CAAF0651C63BF9900FAB706 /* cairo-stroke-dash.c */; };
		2CAAF0AF1C63BF9900FAB706 /* cairo-stroke-style.c in Sources */ = {isa = PBXBuildFile; fileRef = 2CAAF0661C63BF9900FAB706 /* cairo-stroke-style.c */; };
		2CAAF0B01C63BF9900FAB706 /* cairo-surface-clipper.c in Sources */ = {isa = PBXBuildFile; fileRef = 2CAAF0671C63BF9900FAB706 /* cairo-surface-clipper.c */; };
		2CAAF0B11C63BF9900FAB706 /* cairo-surface-fallback.c in Sources */ = {isa = PBXBuildFile; fileRef = 2CAAF0681C63BF9900FAB706 /* cairo-surface-fallback.c */; };
		2CAAF0B21C63BF9900FAB706 /* cairo-surface-observer.c in Sources */ = {isa = PBXBuildFile; fileRef = 2CAAF0691C63BF9900FAB706 /* cairo-surface-observer.c */; };
		2CAAF0B31C63BF9900FAB706 /* cairo-surface-offset.c in Sources */ = {isa = PBXBuildFile; fileRef = 2CAAF06A1C63BF9900FAB706 /* cairo-surface-offset.c */; };
		2CAAF0B41C63BF9900FAB706 /* cairo-surface-snapshot.c in Sources */ = {isa = PBXBuildFile; fileRef = 2CAAF06B1C63BF9900FAB706 /* cairo-surface-snapshot.c */; };
		2CAAF0B51C63BF9900FAB706 /* cairo-surface-subsurface.c in Sources */ = {isa = PBXBuildFile; fileRef = 2CAAF06C1C63BF9900FAB706 /* cairo-surface-subsurface.c */; };
		2CAAF0B61C63BF9900FAB706 /* cairo-surface-wrapper.c in Sources */ = {isa = PBXBuildFile; fileRef = 2CAAF06D1C63BF9900FAB706 /* cairo-surface-wrapper.c */; };
		2CAAF0B71C63BF9900FAB706 /* cairo-surface.c in Sources */ = {isa = PBXBuildFile; fileRef = 2CAAF06E1C63BF9900FAB706 /* cairo-surface.c */; };
		2CAAF0B81C63BF9900FAB706 /* cairo-time.c in Sources */ = {isa = PBXBuildFile; fileRef = 2CAAF06F1C63BF9900FAB706 /* cairo-time.c */; };
		2CAAF0B91C63BF9900FAB706 /* cairo-tor-scan-converter.c in Sources */ = {isa = PBXBuildFile; fileRef = 2CAAF0701C63BF9900FAB706 /* cairo-tor-scan-converter.c */; };
		2CAAF0BA1C63BF9900FAB706 /* cairo-tor22-scan-converter.c in Sources */ = {isa = PBXBuildFile; fileRef = 2CAAF0711C63BF9900FAB706 /* cairo-tor22-scan-converter.c */; };
		2CAAF0BB1C63BF9900FAB706 /* cairo-toy-font-face.c in Sources */ = {isa = PBXBuildFile; fileRef = 2CAAF0721C63BF9900FAB706 /* cairo-toy-font-face.c */; };
		2CAAF0BC1C63BF9900FAB706 /* cairo-traps-compositor.c in Sources */ = {isa = PBXBuildFile; fileRef = 2CAAF0731C63BF9900FAB706 /* cairo-traps-compositor.c */; };
		2CAAF0BD1C63BF9900FAB706 /* cairo-traps.c in Sources */ = {isa = PBXBuildFile; fileRef = 2CAAF0741C63BF9900FAB706 /* cairo-traps.c */; };
		2CAAF0BE1C63BF9900FAB706 /* cairo-tristrip.c in Sources */ = {isa = PBXBuildFile; fileRef = 2CAAF0751C63BF9900FAB706 /* cairo-tristrip.c */; };
		2CAAF0BF1C63BF9900FAB706 /* cairo-unicode.c in Sources */ = {isa = PBXBuildFile; fileRef = 2CAAF0761C63BF9900FAB706 /* cairo-unicode.c */; };
		2CAAF0C01C63BF9900FAB706 /* cairo-user-font.c in Sources */ = {isa = PBXBuildFile; fileRef = 2CAAF0771C63BF9900FAB706 /* cairo-user-font.c */; };
		2CAAF0C11C63BF9900FAB706 /* cairo-version.c in Sources */ = {isa = PBXBuildFile; fileRef = 2CAAF0781C63BF9900FAB706 /* cairo-version.c */; };
		2CAAF0C21C63BF9900FAB706 /* cairo-wideint.c in Sources */ = {isa = PBXBuildFile; fileRef = 2CAAF0791C63BF9900FAB706 /* cairo-wideint.c */; };
		3FF9BED8C27FDF2B2C836AA7 /* libPods.a in Frameworks */ = {isa = PBXBuildFile; fileRef = B9536393EC688BBF95D36643 /* libPods.a */; };
/* End PBXBuildFile section */

/* Begin PBXFileReference section */
		2C5BED1E1C63BB1F00D9A4C5 /* tests.app */ = {isa = PBXFileReference; explicitFileType = wrapper.application; includeInIndex = 0; path = tests.app; sourceTree = BUILT_PRODUCTS_DIR; };
		2C5BED2D1C63BB1F00D9A4C5 /* Assets.xcassets */ = {isa = PBXFileReference; lastKnownFileType = folder.assetcatalog; path = Assets.xcassets; sourceTree = "<group>"; };
		2C5BED321C63BB1F00D9A4C5 /* Info.plist */ = {isa = PBXFileReference; lastKnownFileType = text.plist.xml; path = Info.plist; sourceTree = "<group>"; };
		2C8AD8D61C63D94B005E98D1 /* cairo-cff-subset.c */ = {isa = PBXFileReference; fileEncoding = 4; lastKnownFileType = sourcecode.c.c; name = "cairo-cff-subset.c"; path = "../src/cairo-cff-subset.c"; sourceTree = "<group>"; };
		2C8AD8D71C63D94B005E98D1 /* cairo-scaled-font-subsets.c */ = {isa = PBXFileReference; fileEncoding = 4; lastKnownFileType = sourcecode.c.c; name = "cairo-scaled-font-subsets.c"; path = "../src/cairo-scaled-font-subsets.c"; sourceTree = "<group>"; };
		2C8AD8D81C63D94B005E98D1 /* cairo-truetype-subset.c */ = {isa = PBXFileReference; fileEncoding = 4; lastKnownFileType = sourcecode.c.c; name = "cairo-truetype-subset.c"; path = "../src/cairo-truetype-subset.c"; sourceTree = "<group>"; };
		2C8AD8D91C63D94B005E98D1 /* cairo-type1-fallback.c */ = {isa = PBXFileReference; fileEncoding = 4; lastKnownFileType = sourcecode.c.c; name = "cairo-type1-fallback.c"; path = "../src/cairo-type1-fallback.c"; sourceTree = "<group>"; };
		2C8AD8DA1C63D94B005E98D1 /* cairo-type1-glyph-names.c */ = {isa = PBXFileReference; fileEncoding = 4; lastKnownFileType = sourcecode.c.c; name = "cairo-type1-glyph-names.c"; path = "../src/cairo-type1-glyph-names.c"; sourceTree = "<group>"; };
		2C8AD8DB1C63D94B005E98D1 /* cairo-type1-subset.c */ = {isa = PBXFileReference; fileEncoding = 4; lastKnownFileType = sourcecode.c.c; name = "cairo-type1-subset.c"; path = "../src/cairo-type1-subset.c"; sourceTree = "<group>"; };
		2C8AD8DC1C63D94B005E98D1 /* cairo-type3-glyph-surface.c */ = {isa = PBXFileReference; fileEncoding = 4; lastKnownFileType = sourcecode.c.c; name = "cairo-type3-glyph-surface.c"; path = "../src/cairo-type3-glyph-surface.c"; sourceTree = "<group>"; };
		2C8AD8E41C63D9A3005E98D1 /* cairo-features.h */ = {isa = PBXFileReference; fileEncoding = 4; lastKnownFileType = sourcecode.c.h; name = "cairo-features.h"; path = "../COPKG/cairo/cairo-features.h"; sourceTree = "<group>"; };
		2C8AD8E51C63DA43005E98D1 /* cairo-ft-font.c */ = {isa = PBXFileReference; fileEncoding = 4; lastKnownFileType = sourcecode.c.c; name = "cairo-ft-font.c"; path = "../src/cairo-ft-font.c"; sourceTree = "<group>"; };
		2C8AD8E71C63DB81005E98D1 /* cairo-test.c */ = {isa = PBXFileReference; fileEncoding = 4; lastKnownFileType = sourcecode.c.c; name = "cairo-test.c"; path = "../../test/cairo-test.c"; sourceTree = "<group>"; };
		2CAAEFF51C63BD5000FAB706 /* cairo-analysis-surface.c */ = {isa = PBXFileReference; fileEncoding = 4; lastKnownFileType = sourcecode.c.c; name = "cairo-analysis-surface.c"; path = "../src/cairo-analysis-surface.c"; sourceTree = "<group>"; };
		2CAAEFF61C63BD5000FAB706 /* cairo-arc.c */ = {isa = PBXFileReference; fileEncoding = 4; lastKnownFileType = sourcecode.c.c; name = "cairo-arc.c"; path = "../src/cairo-arc.c"; sourceTree = "<group>"; };
		2CAAEFF71C63BD5000FAB706 /* cairo-array.c */ = {isa = PBXFileReference; fileEncoding = 4; lastKnownFileType = sourcecode.c.c; name = "cairo-array.c"; path = "../src/cairo-array.c"; sourceTree = "<group>"; };
		2CAAEFF81C63BD5000FAB706 /* cairo-atomic.c */ = {isa = PBXFileReference; fileEncoding = 4; lastKnownFileType = sourcecode.c.c; name = "cairo-atomic.c"; path = "../src/cairo-atomic.c"; sourceTree = "<group>"; };
		2CAAEFF91C63BD5000FAB706 /* cairo-base64-stream.c */ = {isa = PBXFileReference; fileEncoding = 4; lastKnownFileType = sourcecode.c.c; name = "cairo-base64-stream.c"; path = "../src/cairo-base64-stream.c"; sourceTree = "<group>"; };
		2CAAEFFA1C63BD5000FAB706 /* cairo-base85-stream.c */ = {isa = PBXFileReference; fileEncoding = 4; lastKnownFileType = sourcecode.c.c; name = "cairo-base85-stream.c"; path = "../src/cairo-base85-stream.c"; sourceTree = "<group>"; };
		2CAAEFFB1C63BD5000FAB706 /* cairo-bentley-ottmann-rectangular.c */ = {isa = PBXFileReference; fileEncoding = 4; lastKnownFileType = sourcecode.c.c; name = "cairo-bentley-ottmann-rectangular.c"; path = "../src/cairo-bentley-ottmann-rectangular.c"; sourceTree = "<group>"; };
		2CAAEFFC1C63BD5000FAB706 /* cairo-bentley-ottmann-rectilinear.c */ = {isa = PBXFileReference; fileEncoding = 4; lastKnownFileType = sourcecode.c.c; name = "cairo-bentley-ottmann-rectilinear.c"; path = "../src/cairo-bentley-ottmann-rectilinear.c"; sourceTree = "<group>"; };
		2CAAEFFD1C63BD5000FAB706 /* cairo-bentley-ottmann.c */ = {isa = PBXFileReference; fileEncoding = 4; lastKnownFileType = sourcecode.c.c; name = "cairo-bentley-ottmann.c"; path = "../src/cairo-bentley-ottmann.c"; sourceTree = "<group>"; };
		2CAAEFFE1C63BD5000FAB706 /* cairo-botor-scan-converter.c */ = {isa = PBXFileReference; fileEncoding = 4; lastKnownFileType = sourcecode.c.c; name = "cairo-botor-scan-converter.c"; path = "../src/cairo-botor-scan-converter.c"; sourceTree = "<group>"; };
		2CAAEFFF1C63BD5000FAB706 /* cairo-boxes-intersect.c */ = {isa = PBXFileReference; fileEncoding = 4; lastKnownFileType = sourcecode.c.c; name = "cairo-boxes-intersect.c"; path = "../src/cairo-boxes-intersect.c"; sourceTree = "<group>"; };
		2CAAF0001C63BD5000FAB706 /* cairo-boxes.c */ = {isa = PBXFileReference; fileEncoding = 4; lastKnownFileType = sourcecode.c.c; name = "cairo-boxes.c"; path = "../src/cairo-boxes.c"; sourceTree = "<group>"; };
		2CAAF0011C63BD5000FAB706 /* cairo-cache.c */ = {isa = PBXFileReference; fileEncoding = 4; lastKnownFileType = sourcecode.c.c; name = "cairo-cache.c"; path = "../src/cairo-cache.c"; sourceTree = "<group>"; };
		2CAAF0021C63BD5000FAB706 /* cairo-clip-boxes.c */ = {isa = PBXFileReference; fileEncoding = 4; lastKnownFileType = sourcecode.c.c; name = "cairo-clip-boxes.c"; path = "../src/cairo-clip-boxes.c"; sourceTree = "<group>"; };
		2CAAF0031C63BD5000FAB706 /* cairo-clip-polygon.c */ = {isa = PBXFileReference; fileEncoding = 4; lastKnownFileType = sourcecode.c.c; name = "cairo-clip-polygon.c"; path = "../src/cairo-clip-polygon.c"; sourceTree = "<group>"; };
		2CAAF0041C63BD5000FAB706 /* cairo-clip-region.c */ = {isa = PBXFileReference; fileEncoding = 4; lastKnownFileType = sourcecode.c.c; name = "cairo-clip-region.c"; path = "../src/cairo-clip-region.c"; sourceTree = "<group>"; };
		2CAAF0051C63BD5000FAB706 /* cairo-clip-surface.c */ = {isa = PBXFileReference; fileEncoding = 4; lastKnownFileType = sourcecode.c.c; name = "cairo-clip-surface.c"; path = "../src/cairo-clip-surface.c"; sourceTree = "<group>"; };
		2CAAF0061C63BD5000FAB706 /* cairo-clip.c */ = {isa = PBXFileReference; fileEncoding = 4; lastKnownFileType = sourcecode.c.c; name = "cairo-clip.c"; path = "../src/cairo-clip.c"; sourceTree = "<group>"; };
		2CAAF0071C63BD5000FAB706 /* cairo-color.c */ = {isa = PBXFileReference; fileEncoding = 4; lastKnownFileType = sourcecode.c.c; name = "cairo-color.c"; path = "../src/cairo-color.c"; sourceTree = "<group>"; };
		2CAAF0081C63BD5000FAB706 /* cairo-composite-rectangles.c */ = {isa = PBXFileReference; fileEncoding = 4; lastKnownFileType = sourcecode.c.c; name = "cairo-composite-rectangles.c"; path = "../src/cairo-composite-rectangles.c"; sourceTree = "<group>"; };
		2CAAF0091C63BD5000FAB706 /* cairo-compositor.c */ = {isa = PBXFileReference; fileEncoding = 4; lastKnownFileType = sourcecode.c.c; name = "cairo-compositor.c"; path = "../src/cairo-compositor.c"; sourceTree = "<group>"; };
		2CAAF00A1C63BD5000FAB706 /* cairo-contour.c */ = {isa = PBXFileReference; fileEncoding = 4; lastKnownFileType = sourcecode.c.c; name = "cairo-contour.c"; path = "../src/cairo-contour.c"; sourceTree = "<group>"; };
		2CAAF00B1C63BD5000FAB706 /* cairo-damage.c */ = {isa = PBXFileReference; fileEncoding = 4; lastKnownFileType = sourcecode.c.c; name = "cairo-damage.c"; path = "../src/cairo-damage.c"; sourceTree = "<group>"; };
		2CAAF00C1C63BD5000FAB706 /* cairo-debug.c */ = {isa = PBXFileReference; fileEncoding = 4; lastKnownFileType = sourcecode.c.c; name = "cairo-debug.c"; path = "../src/cairo-debug.c"; sourceTree = "<group>"; };
		2CAAF00D1C63BD5000FAB706 /* cairo-default-context.c */ = {isa = PBXFileReference; fileEncoding = 4; lastKnownFileType = sourcecode.c.c; name = "cairo-default-context.c"; path = "../src/cairo-default-context.c"; sourceTree = "<group>"; };
		2CAAF00E1C63BD5000FAB706 /* cairo-device.c */ = {isa = PBXFileReference; fileEncoding = 4; lastKnownFileType = sourcecode.c.c; name = "cairo-device.c"; path = "../src/cairo-device.c"; sourceTree = "<group>"; };
		2CAAF00F1C63BD5000FAB706 /* cairo-error.c */ = {isa = PBXFileReference; fileEncoding = 4; lastKnownFileType = sourcecode.c.c; name = "cairo-error.c"; path = "../src/cairo-error.c"; sourceTree = "<group>"; };
		2CAAF0101C63BD5000FAB706 /* cairo-fallback-compositor.c */ = {isa = PBXFileReference; fileEncoding = 4; lastKnownFileType = sourcecode.c.c; name = "cairo-fallback-compositor.c"; path = "../src/cairo-fallback-compositor.c"; sourceTree = "<group>"; };
		2CAAF0111C63BD5000FAB706 /* cairo-fixed.c */ = {isa = PBXFileReference; fileEncoding = 4; lastKnownFileType = sourcecode.c.c; name = "cairo-fixed.c"; path = "../src/cairo-fixed.c"; sourceTree = "<group>"; };
		2CAAF0121C63BD5000FAB706 /* cairo.c */ = {isa = PBXFileReference; fileEncoding = 4; lastKnownFileType = sourcecode.c.c; name = cairo.c; path = ../src/cairo.c; sourceTree = "<group>"; };
		2CAAF0311C63BF9900FAB706 /* cairo-clip-tor-scan-converter.c */ = {isa = PBXFileReference; fileEncoding = 4; lastKnownFileType = sourcecode.c.c; name = "cairo-clip-tor-scan-converter.c"; path = "../src/cairo-clip-tor-scan-converter.c"; sourceTree = "<group>"; };
		2CAAF0321C63BF9900FAB706 /* cairo-font-face-twin-data.c */ = {isa = PBXFileReference; fileEncoding = 4; lastKnownFileType = sourcecode.c.c; name = "cairo-font-face-twin-data.c"; path = "../src/cairo-font-face-twin-data.c"; sourceTree = "<group>"; };
		2CAAF0331C63BF9900FAB706 /* cairo-font-face-twin.c */ = {isa = PBXFileReference; fileEncoding = 4; lastKnownFileType = sourcecode.c.c; name = "cairo-font-face-twin.c"; path = "../src/cairo-font-face-twin.c"; sourceTree = "<group>"; };
		2CAAF0341C63BF9900FAB706 /* cairo-font-face.c */ = {isa = PBXFileReference; fileEncoding = 4; lastKnownFileType = sourcecode.c.c; name = "cairo-font-face.c"; path = "../src/cairo-font-face.c"; sourceTree = "<group>"; };
		2CAAF0351C63BF9900FAB706 /* cairo-font-options.c */ = {isa = PBXFileReference; fileEncoding = 4; lastKnownFileType = sourcecode.c.c; name = "cairo-font-options.c"; path = "../src/cairo-font-options.c"; sourceTree = "<group>"; };
		2CAAF0361C63BF9900FAB706 /* cairo-freed-pool.c */ = {isa = PBXFileReference; fileEncoding = 4; lastKnownFileType = sourcecode.c.c; name = "cairo-freed-pool.c"; path = "../src/cairo-freed-pool.c"; sourceTree = "<group>"; };
		2CAAF0371C63BF9900FAB706 /* cairo-freelist.c */ = {isa = PBXFileReference; fileEncoding = 4; lastKnownFileType = sourcecode.c.c; name = "cairo-freelist.c"; path = "../src/cairo-freelist.c"; sourceTree = "<group>"; };
		2CAAF0381C63BF9900FAB706 /* cairo-gstate.c */ = {isa = PBXFileReference; fileEncoding = 4; lastKnownFileType = sourcecode.c.c; name = "cairo-gstate.c"; path = "../src/cairo-gstate.c"; sourceTree = "<group>"; };
		2CAAF0391C63BF9900FAB706 /* cairo-hash.c */ = {isa = PBXFileReference; fileEncoding = 4; lastKnownFileType = sourcecode.c.c; name = "cairo-hash.c"; path = "../src/cairo-hash.c"; sourceTree = "<group>"; };
		2CAAF03A1C63BF9900FAB706 /* cairo-hull.c */ = {isa = PBXFileReference; fileEncoding = 4; lastKnownFileType = sourcecode.c.c; name = "cairo-hull.c"; path = "../src/cairo-hull.c"; sourceTree = "<group>"; };
		2CAAF03B1C63BF9900FAB706 /* cairo-image-compositor.c */ = {isa = PBXFileReference; fileEncoding = 4; lastKnownFileType = sourcecode.c.c; name = "cairo-image-compositor.c"; path = "../src/cairo-image-compositor.c"; sourceTree = "<group>"; };
		2CAAF03C1C63BF9900FAB706 /* cairo-image-info.c */ = {isa = PBXFileReference; fileEncoding = 4; lastKnownFileType = sourcecode.c.c; name = "cairo-image-info.c"; path = "../src/cairo-image-info.c"; sourceTree = "<group>"; };
		2CAAF03D1C63BF9900FAB706 /* cairo-image-source.c */ = {isa = PBXFileReference; fileEncoding = 4; lastKnownFileType = sourcecode.c.c; name = "cairo-image-source.c"; path = "../src/cairo-image-source.c"; sourceTree = "<group>"; };
		2CAAF03E1C63BF9900FAB706 /* cairo-image-surface.c */ = {isa = PBXFileReference; fileEncoding = 4; lastKnownFileType = sourcecode.c.c; name = "cairo-image-surface.c"; path = "../src/cairo-image-surface.c"; sourceTree = "<group>"; };
		2CAAF03F1C63BF9900FAB706 /* cairo-lzw.c */ = {isa = PBXFileReference; fileEncoding = 4; lastKnownFileType = sourcecode.c.c; name = "cairo-lzw.c"; path = "../src/cairo-lzw.c"; sourceTree = "<group>"; };
		2CAAF0401C63BF9900FAB706 /* cairo-mask-compositor.c */ = {isa = PBXFileReference; fileEncoding = 4; lastKnownFileType = sourcecode.c.c; name = "cairo-mask-compositor.c"; path = "../src/cairo-mask-compositor.c"; sourceTree = "<group>"; };
		2CAAF0411C63BF9900FAB706 /* cairo-matrix.c */ = {isa = PBXFileReference; fileEncoding = 4; lastKnownFileType = sourcecode.c.c; name = "cairo-matrix.c"; path = "../src/cairo-matrix.c"; sourceTree = "<group>"; };
		2CAAF0421C63BF9900FAB706 /* cairo-mempool.c */ = {isa = PBXFileReference; fileEncoding = 4; lastKnownFileType = sourcecode.c.c; name = "cairo-mempool.c"; path = "../src/cairo-mempool.c"; sourceTree = "<group>"; };
		2CAAF0431C63BF9900FAB706 /* cairo-mesh-pattern-rasterizer.c */ = {isa = PBXFileReference; fileEncoding = 4; lastKnownFileType = sourcecode.c.c; name = "cairo-mesh-pattern-rasterizer.c"; path = "../src/cairo-mesh-pattern-rasterizer.c"; sourceTree = "<group>"; };
		2CAAF0441C63BF9900FAB706 /* cairo-misc.c */ = {isa = PBXFileReference; fileEncoding = 4; lastKnownFileType = sourcecode.c.c; name = "cairo-misc.c"; path = "../src/cairo-misc.c"; sourceTree = "<group>"; };
		2CAAF0451C63BF9900FAB706 /* cairo-mono-scan-converter.c */ = {isa = PBXFileReference; fileEncoding = 4; lastKnownFileType = sourcecode.c.c; name = "cairo-mono-scan-converter.c"; path = "../src/cairo-mono-scan-converter.c"; sourceTree = "<group>"; };
		2CAAF0461C63BF9900FAB706 /* cairo-mutex.c */ = {isa = PBXFileReference; fileEncoding = 4; lastKnownFileType = sourcecode.c.c; name = "cairo-mutex.c"; path = "../src/cairo-mutex.c"; sourceTree = "<group>"; };
		2CAAF0471C63BF9900FAB706 /* cairo-no-compositor.c */ = {isa = PBXFileReference; fileEncoding = 4; lastKnownFileType = sourcecode.c.c; name = "cairo-no-compositor.c"; path = "../src/cairo-no-compositor.c"; sourceTree = "<group>"; };
		2CAAF0481C63BF9900FAB706 /* cairo-observer.c */ = {isa = PBXFileReference; fileEncoding = 4; lastKnownFileType = sourcecode.c.c; name = "cairo-observer.c"; path = "../src/cairo-observer.c"; sourceTree = "<group>"; };
		2CAAF0491C63BF9900FAB706 /* cairo-output-stream.c */ = {isa = PBXFileReference; fileEncoding = 4; lastKnownFileType = sourcecode.c.c; name = "cairo-output-stream.c"; path = "../src/cairo-output-stream.c"; sourceTree = "<group>"; };
		2CAAF04A1C63BF9900FAB706 /* cairo-paginated-surface.c */ = {isa = PBXFileReference; fileEncoding = 4; lastKnownFileType = sourcecode.c.c; name = "cairo-paginated-surface.c"; path = "../src/cairo-paginated-surface.c"; sourceTree = "<group>"; };
		2CAAF04B1C63BF9900FAB706 /* cairo-path-bounds.c */ = {isa = PBXFileReference; fileEncoding = 4; lastKnownFileType = sourcecode.c.c; name = "cairo-path-bounds.c"; path = "../src/cairo-path-bounds.c"; sourceTree = "<group>"; };
		2CAAF04C1C63BF9900FAB706 /* cairo-path-fill.c */ = {isa = PBXFileReference; fileEncoding = 4; lastKnownFileType = sourcecode.c.c; name = "cairo-path-fill.c"; path = "../src/cairo-path-fill.c"; sourceTree = "<group>"; };
		2CAAF04D1C63BF9900FAB706 /* cairo-path-fixed.c */ = {isa = PBXFileReference; fileEncoding = 4; lastKnownFileType = sourcecode.c.c; name = "cairo-path-fixed.c"; path = "../src/cairo-path-fixed.c"; sourceTree = "<group>"; };
		2CAAF04E1C63BF9900FAB706 /* cairo-path-in-fill.c */ = {isa = PBXFileReference; fileEncoding = 4; lastKnownFileType = sourcecode.c.c; name = "cairo-path-in-fill.c"; path = "../src/cairo-path-in-fill.c"; sourceTree = "<group>"; };
		2CAAF04F1C63BF9900FAB706 /* cairo-path-stroke-boxes.c */ = {isa = PBXFileReference; fileEncoding = 4; lastKnownFileType = sourcecode.c.c; name = "cairo-path-stroke-boxes.c"; path = "../src/cairo-path-stroke-boxes.c"; sourceTree = "<group>"; };
		2CAAF0501C63BF9900FAB706 /* cairo-path-stroke-polygon.c */ = {isa = PBXFileReference; fileEncoding = 4; lastKnownFileType = sourcecode.c.c; name = "cairo-path-stroke-polygon.c"; path = "../src/cairo-path-stroke-polygon.c"; sourceTree = "<group>"; };
		2CAAF0511C63BF9900FAB706 /* cairo-path-stroke-tristrip.c */ = {isa = PBXFileReference; fileEncoding = 4; lastKnownFileType = sourcecode.c.c; name = "cairo-path-stroke-tristrip.c"; path = "../src/cairo-path-stroke-tristrip.c"; sourceTree = "<group>"; };
		2CAAF0521C63BF9900FAB706 /* cairo-path-stroke.c */ = {isa = PBXFileReference; fileEncoding = 4; lastKnownFileType = sourcecode.c.c; name = "cairo-path-stroke.c"; path = "../src/cairo-path-stroke.c"; sourceTree = "<group>"; };
		2CAAF0531C63BF9900FAB706 /* cairo-path.c */ = {isa = PBXFileReference; fileEncoding = 4; lastKnownFileType = sourcecode.c.c; name = "cairo-path.c"; path = "../src/cairo-path.c"; sourceTree = "<group>"; };
		2CAAF0541C63BF9900FAB706 /* cairo-pattern.c */ = {isa = PBXFileReference; fileEncoding = 4; lastKnownFileType = sourcecode.c.c; name = "cairo-pattern.c"; path = "../src/cairo-pattern.c"; sourceTree = "<group>"; };
		2CAAF0551C63BF9900FAB706 /* cairo-pen.c */ = {isa = PBXFileReference; fileEncoding = 4; lastKnownFileType = sourcecode.c.c; name = "cairo-pen.c"; path = "../src/cairo-pen.c"; sourceTree = "<group>"; };
		2CAAF0561C63BF9900FAB706 /* cairo-polygon-intersect.c */ = {isa = PBXFileReference; fileEncoding = 4; lastKnownFileType = sourcecode.c.c; name = "cairo-polygon-intersect.c"; path = "../src/cairo-polygon-intersect.c"; sourceTree = "<group>"; };
		2CAAF0571C63BF9900FAB706 /* cairo-polygon-reduce.c */ = {isa = PBXFileReference; fileEncoding = 4; lastKnownFileType = sourcecode.c.c; name = "cairo-polygon-reduce.c"; path = "../src/cairo-polygon-reduce.c"; sourceTree = "<group>"; };
		2CAAF0581C63BF9900FAB706 /* cairo-polygon.c */ = {isa = PBXFileReference; fileEncoding = 4; lastKnownFileType = sourcecode.c.c; name = "cairo-polygon.c"; path = "../src/cairo-polygon.c"; sourceTree = "<group>"; };
		2CAAF0591C63BF9900FAB706 /* cairo-raster-source-pattern.c */ = {isa = PBXFileReference; fileEncoding = 4; lastKnownFileType = sourcecode.c.c; name = "cairo-raster-source-pattern.c"; path = "../src/cairo-raster-source-pattern.c"; sourceTree = "<group>"; };
		2CAAF05A1C63BF9900FAB706 /* cairo-recording-surface.c */ = {isa = PBXFileReference; fileEncoding = 4; lastKnownFileType = sourcecode.c.c; name = "cairo-recording-surface.c"; path = "../src/cairo-recording-surface.c"; sourceTree = "<group>"; };
		2CAAF05B1C63BF9900FAB706 /* cairo-rectangle.c */ = {isa = PBXFileReference; fileEncoding = 4; lastKnownFileType = sourcecode.c.c; name = "cairo-rectangle.c"; path = "../src/cairo-rectangle.c"; sourceTree = "<group>"; };
		2CAAF05C1C63BF9900FAB706 /* cairo-rectangular-scan-converter.c */ = {isa = PBXFileReference; fileEncoding = 4; lastKnownFileType = sourcecode.c.c; name = "cairo-rectangular-scan-converter.c"; path = "../src/cairo-rectangular-scan-converter.c"; sourceTree = "<group>"; };
		2CAAF05D1C63BF9900FAB706 /* cairo-region.c */ = {isa = PBXFileReference; fileEncoding = 4; lastKnownFileType = sourcecode.c.c; name = "cairo-region.c"; path = "../src/cairo-region.c"; sourceTree = "<group>"; };
		2CAAF05E1C63BF9900FAB706 /* cairo-rtree.c */ = {isa = PBXFileReference; fileEncoding = 4; lastKnownFileType = sourcecode.c.c; name = "cairo-rtree.c"; path = "../src/cairo-rtree.c"; sourceTree = "<group>"; };
		2CAAF05F1C63BF9900FAB706 /* cairo-scaled-font.c */ = {isa = PBXFileReference; fileEncoding = 4; lastKnownFileType = sourcecode.c.c; name = "cairo-scaled-font.c"; path = "../src/cairo-scaled-font.c"; sourceTree = "<group>"; };
		2CAAF0601C63BF9900FAB706 /* cairo-shape-mask-compositor.c */ = {isa = PBXFileReference; fileEncoding = 4; lastKnownFileType = sourcecode.c.c; name = "cairo-shape-mask-compositor.c"; path = "../src/cairo-shape-mask-compositor.c"; sourceTree = "<group>"; };
		2CAAF0611C63BF9900FAB706 /* cairo-slope.c */ = {isa = PBXFileReference; fileEncoding = 4; lastKnownFileType = sourcecode.c.c; name = "cairo-slope.c"; path = "../src/cairo-slope.c"; sourceTree = "<group>"; };
		2CAAF0621C63BF9900FAB706 /* cairo-spans-compositor.c */ = {isa = PBXFileReference; fileEncoding = 4; lastKnownFileType = sourcecode.c.c; name = "cairo-spans-compositor.c"; path = "../src/cairo-spans-compositor.c"; sourceTree = "<group>"; };
		2CAAF0631C63BF9900FAB706 /* cairo-spans.c */ = {isa = PBXFileReference; fileEncoding = 4; lastKnownFileType = sourcecode.c.c; name = "cairo-spans.c"; path = "../src/cairo-spans.c"; sourceTree = "<group>"; };
		2CAAF0641C63BF9900FAB706 /* cairo-spline.c */ = {isa = PBXFileReference; fileEncoding = 4; lastKnownFileType = sourcecode.c.c; name = "cairo-spline.c"; path = "../src/cairo-spline.c"; sourceTree = "<group>"; };
		2CAAF0651C63BF9900FAB706 /* cairo-stroke-dash.c */ = {isa = PBXFileReference; fileEncoding = 4; lastKnownFileType = sourcecode.c.c; name = "cairo-stroke-dash.c"; path = "../src/cairo-stroke-dash.c"; sourceTree = "<group>"; };
		2CAAF0661C63BF9900FAB706 /* cairo-stroke-style.c */ = {isa = PBXFileReference; fileEncoding = 4; lastKnownFileType = sourcecode.c.c; name = "cairo-stroke-style.c"; path = "../src/cairo-stroke-style.c"; sourceTree = "<group>"; };
		2CAAF0671C63BF9900FAB706 /* cairo-surface-clipper.c */ = {isa = PBXFileReference; fileEncoding = 4; lastKnownFileType = sourcecode.c.c; name = "cairo-surface-clipper.c"; path = "../src/cairo-surface-clipper.c"; sourceTree = "<group>"; };
		2CAAF0681C63BF9900FAB706 /* cairo-surface-fallback.c */ = {isa = PBXFileReference; fileEncoding = 4; lastKnownFileType = sourcecode.c.c; name = "cairo-surface-fallback.c"; path = "../src/cairo-surface-fallback.c"; sourceTree = "<group>"; };
		2CAAF0691C63BF9900FAB706 /* cairo-surface-observer.c */ = {isa = PBXFileReference; fileEncoding = 4; lastKnownFileType = sourcecode.c.c; name = "cairo-surface-observer.c"; path = "../src/cairo-surface-observer.c"; sourceTree = "<group>"; };
		2CAAF06A1C63BF9900FAB706 /* cairo-surface-offset.c */ = {isa = PBXFileReference; fileEncoding = 4; lastKnownFileType = sourcecode.c.c; name = "cairo-surface-offset.c"; path = "../src/cairo-surface-offset.c"; sourceTree = "<group>"; };
		2CAAF06B1C63BF9900FAB706 /* cairo-surface-snapshot.c */ = {isa = PBXFileReference; fileEncoding = 4; lastKnownFileType = sourcecode.c.c; name = "cairo-surface-snapshot.c"; path = "../src/cairo-surface-snapshot.c"; sourceTree = "<group>"; };
		2CAAF06C1C63BF9900FAB706 /* cairo-surface-subsurface.c */ = {isa = PBXFileReference; fileEncoding = 4; lastKnownFileType = sourcecode.c.c; name = "cairo-surface-subsurface.c"; path = "../src/cairo-surface-subsurface.c"; sourceTree = "<group>"; };
		2CAAF06D1C63BF9900FAB706 /* cairo-surface-wrapper.c */ = {isa = PBXFileReference; fileEncoding = 4; lastKnownFileType = sourcecode.c.c; name = "cairo-surface-wrapper.c"; path = "../src/cairo-surface-wrapper.c"; sourceTree = "<group>"; };
		2CAAF06E1C63BF9900FAB706 /* cairo-surface.c */ = {isa = PBXFileReference; fileEncoding = 4; lastKnownFileType = sourcecode.c.c; name = "cairo-surface.c"; path = "../src/cairo-surface.c"; sourceTree = "<group>"; };
		2CAAF06F1C63BF9900FAB706 /* cairo-time.c */ = {isa = PBXFileReference; fileEncoding = 4; lastKnownFileType = sourcecode.c.c; name = "cairo-time.c"; path = "../src/cairo-time.c"; sourceTree = "<group>"; };
		2CAAF0701C63BF9900FAB706 /* cairo-tor-scan-converter.c */ = {isa = PBXFileReference; fileEncoding = 4; lastKnownFileType = sourcecode.c.c; name = "cairo-tor-scan-converter.c"; path = "../src/cairo-tor-scan-converter.c"; sourceTree = "<group>"; };
		2CAAF0711C63BF9900FAB706 /* cairo-tor22-scan-converter.c */ = {isa = PBXFileReference; fileEncoding = 4; lastKnownFileType = sourcecode.c.c; name = "cairo-tor22-scan-converter.c"; path = "../src/cairo-tor22-scan-converter.c"; sourceTree = "<group>"; };
		2CAAF0721C63BF9900FAB706 /* cairo-toy-font-face.c */ = {isa = PBXFileReference; fileEncoding = 4; lastKnownFileType = sourcecode.c.c; name = "cairo-toy-font-face.c"; path = "../src/cairo-toy-font-face.c"; sourceTree = "<group>"; };
		2CAAF0731C63BF9900FAB706 /* cairo-traps-compositor.c */ = {isa = PBXFileReference; fileEncoding = 4; lastKnownFileType = sourcecode.c.c; name = "cairo-traps-compositor.c"; path = "../src/cairo-traps-compositor.c"; sourceTree = "<group>"; };
		2CAAF0741C63BF9900FAB706 /* cairo-traps.c */ = {isa = PBXFileReference; fileEncoding = 4; lastKnownFileType = sourcecode.c.c; name = "cairo-traps.c"; path = "../src/cairo-traps.c"; sourceTree = "<group>"; };
		2CAAF0751C63BF9900FAB706 /* cairo-tristrip.c */ = {isa = PBXFileReference; fileEncoding = 4; lastKnownFileType = sourcecode.c.c; name = "cairo-tristrip.c"; path = "../src/cairo-tristrip.c"; sourceTree = "<group>"; };
		2CAAF0761C63BF9900FAB706 /* cairo-unicode.c */ = {isa = PBXFileReference; fileEncoding = 4; lastKnownFileType = sourcecode.c.c; name = "cairo-unicode.c"; path = "../src/cairo-unicode.c"; sourceTree = "<group>"; };
		2CAAF0771C63BF9900FAB706 /* cairo-user-font.c */ = {isa = PBXFileReference; fileEncoding = 4; lastKnownFileType = sourcecode.c.c; name = "cairo-user-font.c"; path = "../src/cairo-user-font.c"; sourceTree = "<group>"; };
		2CAAF0781C63BF9900FAB706 /* cairo-version.c */ = {isa = PBXFileReference; fileEncoding = 4; lastKnownFileType = sourcecode.c.c; name = "cairo-version.c"; path = "../src/cairo-version.c"; sourceTree = "<group>"; };
		2CAAF0791C63BF9900FAB706 /* cairo-wideint.c */ = {isa = PBXFileReference; fileEncoding = 4; lastKnownFileType = sourcecode.c.c; name = "cairo-wideint.c"; path = "../src/cairo-wideint.c"; sourceTree = "<group>"; };
		310AEB72DCE6631985FE489A /* Pods.debug.xcconfig */ = {isa = PBXFileReference; includeInIndex = 1; lastKnownFileType = text.xcconfig; name = Pods.debug.xcconfig; path = "Pods/Target Support Files/Pods/Pods.debug.xcconfig"; sourceTree = "<group>"; };
		5F62E420E95C180157BEE52D /* Pods.release.xcconfig */ = {isa = PBXFileReference; includeInIndex = 1; lastKnownFileType = text.xcconfig; name = Pods.release.xcconfig; path = "Pods/Target Support Files/Pods/Pods.release.xcconfig"; sourceTree = "<group>"; };
		B9536393EC688BBF95D36643 /* libPods.a */ = {isa = PBXFileReference; explicitFileType = archive.ar; includeInIndex = 0; path = libPods.a; sourceTree = BUILT_PRODUCTS_DIR; };
/* End PBXFileReference section */

/* Begin PBXFrameworksBuildPhase section */
		2C5BED1B1C63BB1F00D9A4C5 /* Frameworks */ = {
			isa = PBXFrameworksBuildPhase;
			buildActionMask = 2147483647;
			files = (
				3FF9BED8C27FDF2B2C836AA7 /* libPods.a in Frameworks */,
			);
			runOnlyForDeploymentPostprocessing = 0;
		};
/* End PBXFrameworksBuildPhase section */

/* Begin PBXGroup section */
		2C5BED151C63BB1F00D9A4C5 = {
			isa = PBXGroup;
			children = (
				2C8AD8E51C63DA43005E98D1 /* cairo-ft-font.c */,
				2C8AD8E41C63D9A3005E98D1 /* cairo-features.h */,
				2C8AD8D61C63D94B005E98D1 /* cairo-cff-subset.c */,
				2C8AD8D71C63D94B005E98D1 /* cairo-scaled-font-subsets.c */,
				2C8AD8D81C63D94B005E98D1 /* cairo-truetype-subset.c */,
				2C8AD8D91C63D94B005E98D1 /* cairo-type1-fallback.c */,
				2C8AD8DA1C63D94B005E98D1 /* cairo-type1-glyph-names.c */,
				2C8AD8DB1C63D94B005E98D1 /* cairo-type1-subset.c */,
				2C8AD8DC1C63D94B005E98D1 /* cairo-type3-glyph-surface.c */,
				2CAAF0311C63BF9900FAB706 /* cairo-clip-tor-scan-converter.c */,
				2CAAF0321C63BF9900FAB706 /* cairo-font-face-twin-data.c */,
				2CAAF0331C63BF9900FAB706 /* cairo-font-face-twin.c */,
				2CAAF0341C63BF9900FAB706 /* cairo-font-face.c */,
				2CAAF0351C63BF9900FAB706 /* cairo-font-options.c */,
				2CAAF0361C63BF9900FAB706 /* cairo-freed-pool.c */,
				2CAAF0371C63BF9900FAB706 /* cairo-freelist.c */,
				2CAAF0381C63BF9900FAB706 /* cairo-gstate.c */,
				2CAAF0391C63BF9900FAB706 /* cairo-hash.c */,
				2CAAF03A1C63BF9900FAB706 /* cairo-hull.c */,
				2CAAF03B1C63BF9900FAB706 /* cairo-image-compositor.c */,
				2CAAF03C1C63BF9900FAB706 /* cairo-image-info.c */,
				2CAAF03D1C63BF9900FAB706 /* cairo-image-source.c */,
				2CAAF03E1C63BF9900FAB706 /* cairo-image-surface.c */,
				2CAAF03F1C63BF9900FAB706 /* cairo-lzw.c */,
				2CAAF0401C63BF9900FAB706 /* cairo-mask-compositor.c */,
				2CAAF0411C63BF9900FAB706 /* cairo-matrix.c */,
				2CAAF0421C63BF9900FAB706 /* cairo-mempool.c */,
				2CAAF0431C63BF9900FAB706 /* cairo-mesh-pattern-rasterizer.c */,
				2CAAF0441C63BF9900FAB706 /* cairo-misc.c */,
				2CAAF0451C63BF9900FAB706 /* cairo-mono-scan-converter.c */,
				2CAAF0461C63BF9900FAB706 /* cairo-mutex.c */,
				2CAAF0471C63BF9900FAB706 /* cairo-no-compositor.c */,
				2CAAF0481C63BF9900FAB706 /* cairo-observer.c */,
				2CAAF0491C63BF9900FAB706 /* cairo-output-stream.c */,
				2CAAF04A1C63BF9900FAB706 /* cairo-paginated-surface.c */,
				2CAAF04B1C63BF9900FAB706 /* cairo-path-bounds.c */,
				2CAAF04C1C63BF9900FAB706 /* cairo-path-fill.c */,
				2CAAF04D1C63BF9900FAB706 /* cairo-path-fixed.c */,
				2CAAF04E1C63BF9900FAB706 /* cairo-path-in-fill.c */,
				2CAAF04F1C63BF9900FAB706 /* cairo-path-stroke-boxes.c */,
				2CAAF0501C63BF9900FAB706 /* cairo-path-stroke-polygon.c */,
				2CAAF0511C63BF9900FAB706 /* cairo-path-stroke-tristrip.c */,
				2CAAF0521C63BF9900FAB706 /* cairo-path-stroke.c */,
				2CAAF0531C63BF9900FAB706 /* cairo-path.c */,
				2CAAF0541C63BF9900FAB706 /* cairo-pattern.c */,
				2CAAF0551C63BF9900FAB706 /* cairo-pen.c */,
				2CAAF0561C63BF9900FAB706 /* cairo-polygon-intersect.c */,
				2CAAF0571C63BF9900FAB706 /* cairo-polygon-reduce.c */,
				2CAAF0581C63BF9900FAB706 /* cairo-polygon.c */,
				2CAAF0591C63BF9900FAB706 /* cairo-raster-source-pattern.c */,
				2CAAF05A1C63BF9900FAB706 /* cairo-recording-surface.c */,
				2CAAF05B1C63BF9900FAB706 /* cairo-rectangle.c */,
				2CAAF05C1C63BF9900FAB706 /* cairo-rectangular-scan-converter.c */,
				2CAAF05D1C63BF9900FAB706 /* cairo-region.c */,
				2CAAF05E1C63BF9900FAB706 /* cairo-rtree.c */,
				2CAAF05F1C63BF9900FAB706 /* cairo-scaled-font.c */,
				2CAAF0601C63BF9900FAB706 /* cairo-shape-mask-compositor.c */,
				2CAAF0611C63BF9900FAB706 /* cairo-slope.c */,
				2CAAF0621C63BF9900FAB706 /* cairo-spans-compositor.c */,
				2CAAF0631C63BF9900FAB706 /* cairo-spans.c */,
				2CAAF0641C63BF9900FAB706 /* cairo-spline.c */,
				2CAAF0651C63BF9900FAB706 /* cairo-stroke-dash.c */,
				2CAAF0661C63BF9900FAB706 /* cairo-stroke-style.c */,
				2CAAF0671C63BF9900FAB706 /* cairo-surface-clipper.c */,
				2CAAF0681C63BF9900FAB706 /* cairo-surface-fallback.c */,
				2CAAF0691C63BF9900FAB706 /* cairo-surface-observer.c */,
				2CAAF06A1C63BF9900FAB706 /* cairo-surface-offset.c */,
				2CAAF06B1C63BF9900FAB706 /* cairo-surface-snapshot.c */,
				2CAAF06C1C63BF9900FAB706 /* cairo-surface-subsurface.c */,
				2CAAF06D1C63BF9900FAB706 /* cairo-surface-wrapper.c */,
				2CAAF06E1C63BF9900FAB706 /* cairo-surface.c */,
				2CAAF06F1C63BF9900FAB706 /* cairo-time.c */,
				2CAAF0701C63BF9900FAB706 /* cairo-tor-scan-converter.c */,
				2CAAF0711C63BF9900FAB706 /* cairo-tor22-scan-converter.c */,
				2CAAF0721C63BF9900FAB706 /* cairo-toy-font-face.c */,
				2CAAF0731C63BF9900FAB706 /* cairo-traps-compositor.c */,
				2CAAF0741C63BF9900FAB706 /* cairo-traps.c */,
				2CAAF0751C63BF9900FAB706 /* cairo-tristrip.c */,
				2CAAF0761C63BF9900FAB706 /* cairo-unicode.c */,
				2CAAF0771C63BF9900FAB706 /* cairo-user-font.c */,
				2CAAF0781C63BF9900FAB706 /* cairo-version.c */,
				2CAAF0791C63BF9900FAB706 /* cairo-wideint.c */,
				2CAAEFF51C63BD5000FAB706 /* cairo-analysis-surface.c */,
				2CAAEFF61C63BD5000FAB706 /* cairo-arc.c */,
				2CAAEFF71C63BD5000FAB706 /* cairo-array.c */,
				2CAAEFF81C63BD5000FAB706 /* cairo-atomic.c */,
				2CAAEFF91C63BD5000FAB706 /* cairo-base64-stream.c */,
				2CAAEFFA1C63BD5000FAB706 /* cairo-base85-stream.c */,
				2CAAEFFB1C63BD5000FAB706 /* cairo-bentley-ottmann-rectangular.c */,
				2CAAEFFC1C63BD5000FAB706 /* cairo-bentley-ottmann-rectilinear.c */,
				2CAAEFFD1C63BD5000FAB706 /* cairo-bentley-ottmann.c */,
				2CAAEFFE1C63BD5000FAB706 /* cairo-botor-scan-converter.c */,
				2CAAEFFF1C63BD5000FAB706 /* cairo-boxes-intersect.c */,
				2CAAF0001C63BD5000FAB706 /* cairo-boxes.c */,
				2CAAF0011C63BD5000FAB706 /* cairo-cache.c */,
				2CAAF0021C63BD5000FAB706 /* cairo-clip-boxes.c */,
				2CAAF0031C63BD5000FAB706 /* cairo-clip-polygon.c */,
				2CAAF0041C63BD5000FAB706 /* cairo-clip-region.c */,
				2CAAF0051C63BD5000FAB706 /* cairo-clip-surface.c */,
				2CAAF0061C63BD5000FAB706 /* cairo-clip.c */,
				2CAAF0071C63BD5000FAB706 /* cairo-color.c */,
				2CAAF0081C63BD5000FAB706 /* cairo-composite-rectangles.c */,
				2CAAF0091C63BD5000FAB706 /* cairo-compositor.c */,
				2CAAF00A1C63BD5000FAB706 /* cairo-contour.c */,
				2CAAF00B1C63BD5000FAB706 /* cairo-damage.c */,
				2CAAF00C1C63BD5000FAB706 /* cairo-debug.c */,
				2CAAF00D1C63BD5000FAB706 /* cairo-default-context.c */,
				2CAAF00E1C63BD5000FAB706 /* cairo-device.c */,
				2CAAF00F1C63BD5000FAB706 /* cairo-error.c */,
				2CAAF0101C63BD5000FAB706 /* cairo-fallback-compositor.c */,
				2CAAF0111C63BD5000FAB706 /* cairo-fixed.c */,
				2CAAF0121C63BD5000FAB706 /* cairo.c */,
				2C5BED201C63BB1F00D9A4C5 /* tests */,
				2C5BED1F1C63BB1F00D9A4C5 /* Products */,
				5A9E8E34642ACBF87B2D1103 /* Pods */,
				BCBD1EF7DF38A82F93BAC6A6 /* Frameworks */,
			);
			sourceTree = "<group>";
		};
		2C5BED1F1C63BB1F00D9A4C5 /* Products */ = {
			isa = PBXGroup;
			children = (
				2C5BED1E1C63BB1F00D9A4C5 /* tests.app */,
			);
			name = Products;
			sourceTree = "<group>";
		};
		2C5BED201C63BB1F00D9A4C5 /* tests */ = {
			isa = PBXGroup;
			children = (
				2C8AD8E71C63DB81005E98D1 /* cairo-test.c */,
				2C5BED2D1C63BB1F00D9A4C5 /* Assets.xcassets */,
				2C5BED321C63BB1F00D9A4C5 /* Info.plist */,
				2C5BED211C63BB1F00D9A4C5 /* Supporting Files */,
			);
			path = tests;
			sourceTree = "<group>";
		};
		2C5BED211C63BB1F00D9A4C5 /* Supporting Files */ = {
			isa = PBXGroup;
			children = (
			);
			name = "Supporting Files";
			sourceTree = "<group>";
		};
		5A9E8E34642ACBF87B2D1103 /* Pods */ = {
			isa = PBXGroup;
			children = (
				310AEB72DCE6631985FE489A /* Pods.debug.xcconfig */,
				5F62E420E95C180157BEE52D /* Pods.release.xcconfig */,
			);
			name = Pods;
			sourceTree = "<group>";
		};
		BCBD1EF7DF38A82F93BAC6A6 /* Frameworks */ = {
			isa = PBXGroup;
			children = (
				B9536393EC688BBF95D36643 /* libPods.a */,
			);
			name = Frameworks;
			sourceTree = "<group>";
		};
/* End PBXGroup section */

/* Begin PBXNativeTarget section */
		2C5BED1D1C63BB1F00D9A4C5 /* tests */ = {
			isa = PBXNativeTarget;
			buildConfigurationList = 2C5BED351C63BB1F00D9A4C5 /* Build configuration list for PBXNativeTarget "tests" */;
			buildPhases = (
				C7ECE00202339280DB369190 /* Check Pods Manifest.lock */,
				2C5BED1A1C63BB1F00D9A4C5 /* Sources */,
				2C5BED1B1C63BB1F00D9A4C5 /* Frameworks */,
				2C5BED1C1C63BB1F00D9A4C5 /* Resources */,
				3DA73064DE0D97AD8FB37168 /* Embed Pods Frameworks */,
				000FD58FCFA2AFEC7ED9E100 /* Copy Pods Resources */,
			);
			buildRules = (
			);
			dependencies = (
			);
			name = tests;
			productName = tests;
			productReference = 2C5BED1E1C63BB1F00D9A4C5 /* tests.app */;
			productType = "com.apple.product-type.application";
		};
/* End PBXNativeTarget section */

/* Begin PBXProject section */
		2C5BED161C63BB1F00D9A4C5 /* Project object */ = {
			isa = PBXProject;
			attributes = {
				LastUpgradeCheck = 0720;
				ORGANIZATIONNAME = "Ivan Gagis";
				TargetAttributes = {
					2C5BED1D1C63BB1F00D9A4C5 = {
						CreatedOnToolsVersion = 7.2.1;
					};
				};
			};
			buildConfigurationList = 2C5BED191C63BB1F00D9A4C5 /* Build configuration list for PBXProject "tests" */;
			compatibilityVersion = "Xcode 3.2";
			developmentRegion = English;
			hasScannedForEncodings = 0;
			knownRegions = (
				en,
				Base,
			);
			mainGroup = 2C5BED151C63BB1F00D9A4C5;
			productRefGroup = 2C5BED1F1C63BB1F00D9A4C5 /* Products */;
			projectDirPath = "";
			projectRoot = "";
			targets = (
				2C5BED1D1C63BB1F00D9A4C5 /* tests */,
			);
		};
/* End PBXProject section */

/* Begin PBXResourcesBuildPhase section */
		2C5BED1C1C63BB1F00D9A4C5 /* Resources */ = {
			isa = PBXResourcesBuildPhase;
			buildActionMask = 2147483647;
			files = (
				2C5BED2E1C63BB1F00D9A4C5 /* Assets.xcassets in Resources */,
			);
			runOnlyForDeploymentPostprocessing = 0;
		};
/* End PBXResourcesBuildPhase section */

/* Begin PBXShellScriptBuildPhase section */
		000FD58FCFA2AFEC7ED9E100 /* Copy Pods Resources */ = {
			isa = PBXShellScriptBuildPhase;
			buildActionMask = 2147483647;
			files = (
			);
			inputPaths = (
			);
			name = "Copy Pods Resources";
			outputPaths = (
			);
			runOnlyForDeploymentPostprocessing = 0;
			shellPath = /bin/sh;
			shellScript = "\"${SRCROOT}/Pods/Target Support Files/Pods/Pods-resources.sh\"\n";
			showEnvVarsInLog = 0;
		};
		3DA73064DE0D97AD8FB37168 /* Embed Pods Frameworks */ = {
			isa = PBXShellScriptBuildPhase;
			buildActionMask = 2147483647;
			files = (
			);
			inputPaths = (
			);
			name = "Embed Pods Frameworks";
			outputPaths = (
			);
			runOnlyForDeploymentPostprocessing = 0;
			shellPath = /bin/sh;
			shellScript = "\"${SRCROOT}/Pods/Target Support Files/Pods/Pods-frameworks.sh\"\n";
			showEnvVarsInLog = 0;
		};
		C7ECE00202339280DB369190 /* Check Pods Manifest.lock */ = {
			isa = PBXShellScriptBuildPhase;
			buildActionMask = 2147483647;
			files = (
			);
			inputPaths = (
			);
			name = "Check Pods Manifest.lock";
			outputPaths = (
			);
			runOnlyForDeploymentPostprocessing = 0;
			shellPath = /bin/sh;
			shellScript = "diff \"${PODS_ROOT}/../Podfile.lock\" \"${PODS_ROOT}/Manifest.lock\" > /dev/null\nif [[ $? != 0 ]] ; then\n    cat << EOM\nerror: The sandbox is not in sync with the Podfile.lock. Run 'pod install' or update your CocoaPods installation.\nEOM\n    exit 1\nfi\n";
			showEnvVarsInLog = 0;
		};
/* End PBXShellScriptBuildPhase section */

/* Begin PBXSourcesBuildPhase section */
		2C5BED1A1C63BB1F00D9A4C5 /* Sources */ = {
			isa = PBXSourcesBuildPhase;
			buildActionMask = 2147483647;
			files = (
				2CAAF08F1C63BF9900FAB706 /* cairo-mutex.c in Sources */,
				2CAAF0181C63BD5000FAB706 /* cairo-base85-stream.c in Sources */,
				2CAAF01C1C63BD5000FAB706 /* cairo-botor-scan-converter.c in Sources */,
				2C8AD8DE1C63D94C005E98D1 /* cairo-scaled-font-subsets.c in Sources */,
				2CAAF0201C63BD5000FAB706 /* cairo-clip-boxes.c in Sources */,
				2CAAF0AE1C63BF9900FAB706 /* cairo-stroke-dash.c in Sources */,
				2CAAF0891C63BF9900FAB706 /* cairo-mask-compositor.c in Sources */,
				2CAAF0131C63BD5000FAB706 /* cairo-analysis-surface.c in Sources */,
				2CAAF0231C63BD5000FAB706 /* cairo-clip-surface.c in Sources */,
				2CAAF0831C63BF9900FAB706 /* cairo-hull.c in Sources */,
				2CAAF0931C63BF9900FAB706 /* cairo-paginated-surface.c in Sources */,
				2CAAF0821C63BF9900FAB706 /* cairo-hash.c in Sources */,
				2CAAF0B81C63BF9900FAB706 /* cairo-time.c in Sources */,
				2CAAF01B1C63BD5000FAB706 /* cairo-bentley-ottmann.c in Sources */,
				2CAAF0911C63BF9900FAB706 /* cairo-observer.c in Sources */,
				2CAAF0A21C63BF9900FAB706 /* cairo-raster-source-pattern.c in Sources */,
				2CAAF0AF1C63BF9900FAB706 /* cairo-stroke-style.c in Sources */,
				2CAAF0B51C63BF9900FAB706 /* cairo-surface-subsurface.c in Sources */,
				2CAAF08E1C63BF9900FAB706 /* cairo-mono-scan-converter.c in Sources */,
				2CAAF0151C63BD5000FAB706 /* cairo-array.c in Sources */,
				2CAAF0901C63BF9900FAB706 /* cairo-no-compositor.c in Sources */,
				2CAAF08D1C63BF9900FAB706 /* cairo-misc.c in Sources */,
				2CAAF0171C63BD5000FAB706 /* cairo-base64-stream.c in Sources */,
				2CAAF09B1C63BF9900FAB706 /* cairo-path-stroke.c in Sources */,
				2CAAF0AC1C63BF9900FAB706 /* cairo-spans.c in Sources */,
				2C8AD8DD1C63D94B005E98D1 /* cairo-cff-subset.c in Sources */,
				2CAAF0261C63BD5000FAB706 /* cairo-composite-rectangles.c in Sources */,
				2CAAF0241C63BD5000FAB706 /* cairo-clip.c in Sources */,
				2CAAF0851C63BF9900FAB706 /* cairo-image-info.c in Sources */,
				2CAAF02D1C63BD5000FAB706 /* cairo-error.c in Sources */,
				2CAAF0861C63BF9900FAB706 /* cairo-image-source.c in Sources */,
				2CAAF07A1C63BF9900FAB706 /* cairo-clip-tor-scan-converter.c in Sources */,
				2CAAF0A51C63BF9900FAB706 /* cairo-rectangular-scan-converter.c in Sources */,
				2CAAF0A01C63BF9900FAB706 /* cairo-polygon-reduce.c in Sources */,
				2CAAF0811C63BF9900FAB706 /* cairo-gstate.c in Sources */,
				2CAAF0141C63BD5000FAB706 /* cairo-arc.c in Sources */,
				2CAAF0221C63BD5000FAB706 /* cairo-clip-region.c in Sources */,
				2CAAF0161C63BD5000FAB706 /* cairo-atomic.c in Sources */,
				2CAAF0C21C63BF9900FAB706 /* cairo-wideint.c in Sources */,
				2CAAF07F1C63BF9900FAB706 /* cairo-freed-pool.c in Sources */,
				2CAAF0B21C63BF9900FAB706 /* cairo-surface-observer.c in Sources */,
				2CAAF0271C63BD5000FAB706 /* cairo-compositor.c in Sources */,
				2C8AD8E11C63D94C005E98D1 /* cairo-type1-glyph-names.c in Sources */,
				2CAAF0971C63BF9900FAB706 /* cairo-path-in-fill.c in Sources */,
				2CAAF0B61C63BF9900FAB706 /* cairo-surface-wrapper.c in Sources */,
				2C8AD8DF1C63D94C005E98D1 /* cairo-truetype-subset.c in Sources */,
				2CAAF09C1C63BF9900FAB706 /* cairo-path.c in Sources */,
				2CAAF0A11C63BF9900FAB706 /* cairo-polygon.c in Sources */,
				2CAAF07E1C63BF9900FAB706 /* cairo-font-options.c in Sources */,
				2CAAF0B91C63BF9900FAB706 /* cairo-tor-scan-converter.c in Sources */,
				2CAAF07B1C63BF9900FAB706 /* cairo-font-face-twin-data.c in Sources */,
				2CAAF01F1C63BD5000FAB706 /* cairo-cache.c in Sources */,
				2CAAF02B1C63BD5000FAB706 /* cairo-default-context.c in Sources */,
				2CAAF0B41C63BF9900FAB706 /* cairo-surface-snapshot.c in Sources */,
				2C8AD8E21C63D94C005E98D1 /* cairo-type1-subset.c in Sources */,
				2CAAF0981C63BF9900FAB706 /* cairo-path-stroke-boxes.c in Sources */,
				2CAAF09D1C63BF9900FAB706 /* cairo-pattern.c in Sources */,
				2C8AD8E31C63D94C005E98D1 /* cairo-type3-glyph-surface.c in Sources */,
				2CAAF0881C63BF9900FAB706 /* cairo-lzw.c in Sources */,
				2CAAF0961C63BF9900FAB706 /* cairo-path-fixed.c in Sources */,
				2CAAF0BA1C63BF9900FAB706 /* cairo-tor22-scan-converter.c in Sources */,
				2CAAF01D1C63BD5000FAB706 /* cairo-boxes-intersect.c in Sources */,
				2CAAF09A1C63BF9900FAB706 /* cairo-path-stroke-tristrip.c in Sources */,
				2CAAF0AD1C63BF9900FAB706 /* cairo-spline.c in Sources */,
				2CAAF0841C63BF9900FAB706 /* cairo-image-compositor.c in Sources */,
				2CAAF0A71C63BF9900FAB706 /* cairo-rtree.c in Sources */,
				2CAAF0A81C63BF9900FAB706 /* cairo-scaled-font.c in Sources */,
				2CAAF0A61C63BF9900FAB706 /* cairo-region.c in Sources */,
				2CAAF0301C63BD5000FAB706 /* cairo.c in Sources */,
				2CAAF02A1C63BD5000FAB706 /* cairo-debug.c in Sources */,
				2CAAF0871C63BF9900FAB706 /* cairo-image-surface.c in Sources */,
				2CAAF08C1C63BF9900FAB706 /* cairo-mesh-pattern-rasterizer.c in Sources */,
				2CAAF0191C63BD5000FAB706 /* cairo-bentley-ottmann-rectangular.c in Sources */,
				2CAAF0801C63BF9900FAB706 /* cairo-freelist.c in Sources */,
				2CAAF0B11C63BF9900FAB706 /* cairo-surface-fallback.c in Sources */,
				2CAAF01E1C63BD5000FAB706 /* cairo-boxes.c in Sources */,
				2CAAF08B1C63BF9900FAB706 /* cairo-mempool.c in Sources */,
				2CAAF0A41C63BF9900FAB706 /* cairo-rectangle.c in Sources */,
				2CAAF07C1C63BF9900FAB706 /* cairo-font-face-twin.c in Sources */,
				2CAAF0991C63BF9900FAB706 /* cairo-path-stroke-polygon.c in Sources */,
				2CAAF0C01C63BF9900FAB706 /* cairo-user-font.c in Sources */,
				2CAAF0AA1C63BF9900FAB706 /* cairo-slope.c in Sources */,
				2CAAF0A31C63BF9900FAB706 /* cairo-recording-surface.c in Sources */,
				2CAAF0291C63BD5000FAB706 /* cairo-damage.c in Sources */,
				2C8AD8E01C63D94C005E98D1 /* cairo-type1-fallback.c in Sources */,
				2C8AD8E61C63DA43005E98D1 /* cairo-ft-font.c in Sources */,
				2CAAF0BC1C63BF9900FAB706 /* cairo-traps-compositor.c in Sources */,
				2CAAF02F1C63BD5000FAB706 /* cairo-fixed.c in Sources */,
				2C8AD8E81C63DB81005E98D1 /* cairo-test.c in Sources */,
				2CAAF0BF1C63BF9900FAB706 /* cairo-unicode.c in Sources */,
				2CAAF0251C63BD5000FAB706 /* cairo-color.c in Sources */,
				2CAAF02E1C63BD5000FAB706 /* cairo-fallback-compositor.c in Sources */,
				2CAAF0B71C63BF9900FAB706 /* cairo-surface.c in Sources */,
				2CAAF0921C63BF9900FAB706 /* cairo-output-stream.c in Sources */,
				2CAAF01A1C63BD5000FAB706 /* cairo-bentley-ottmann-rectilinear.c in Sources */,
				2CAAF0B01C63BF9900FAB706 /* cairo-surface-clipper.c in Sources */,
				2CAAF0AB1C63BF9900FAB706 /* cairo-spans-compositor.c in Sources */,
				2CAAF09F1C63BF9900FAB706 /* cairo-polygon-intersect.c in Sources */,
				2CAAF08A1C63BF9900FAB706 /* cairo-matrix.c in Sources */,
				2CAAF0BD1C63BF9900FAB706 /* cairo-traps.c in Sources */,
				2CAAF0B31C63BF9900FAB706 /* cairo-surface-offset.c in Sources */,
				2CAAF0211C63BD5000FAB706 /* cairo-clip-polygon.c in Sources */,
				2CAAF02C1C63BD5000FAB706 /* cairo-device.c in Sources */,
				2CAAF09E1C63BF9900FAB706 /* cairo-pen.c in Sources */,
				2CAAF0951C63BF9900FAB706 /* cairo-path-fill.c in Sources */,
				2CAAF0941C63BF9900FAB706 /* cairo-path-bounds.c in Sources */,
				2CAAF0BE1C63BF9900FAB706 /* cairo-tristrip.c in Sources */,
				2CAAF07D1C63BF9900FAB706 /* cairo-font-face.c in Sources */,
				2CAAF0BB1C63BF9900FAB706 /* cairo-toy-font-face.c in Sources */,
				2CAAF0281C63BD5000FAB706 /* cairo-contour.c in Sources */,
				2CAAF0A91C63BF9900FAB706 /* cairo-shape-mask-compositor.c in Sources */,
				2CAAF0C11C63BF9900FAB706 /* cairo-version.c in Sources */,
			);
			runOnlyForDeploymentPostprocessing = 0;
		};
/* End PBXSourcesBuildPhase section */

/* Begin XCBuildConfiguration section */
		2C5BED331C63BB1F00D9A4C5 /* Debug */ = {
			isa = XCBuildConfiguration;
			buildSettings = {
				ALWAYS_SEARCH_USER_PATHS = NO;
				CLANG_CXX_LANGUAGE_STANDARD = "gnu++0x";
				CLANG_CXX_LIBRARY = "libc++";
				CLANG_ENABLE_MODULES = YES;
				CLANG_ENABLE_OBJC_ARC = YES;
				CLANG_WARN_BOOL_CONVERSION = YES;
				CLANG_WARN_CONSTANT_CONVERSION = YES;
				CLANG_WARN_DIRECT_OBJC_ISA_USAGE = YES_ERROR;
				CLANG_WARN_EMPTY_BODY = YES;
				CLANG_WARN_ENUM_CONVERSION = NO;
				CLANG_WARN_INT_CONVERSION = YES;
				CLANG_WARN_OBJC_ROOT_CLASS = YES_ERROR;
				CLANG_WARN_UNREACHABLE_CODE = YES;
				CLANG_WARN__DUPLICATE_METHOD_MATCH = YES;
				"CODE_SIGN_IDENTITY[sdk=iphoneos*]" = "iPhone Developer";
				COPY_PHASE_STRIP = NO;
				DEBUG_INFORMATION_FORMAT = dwarf;
				ENABLE_STRICT_OBJC_MSGSEND = YES;
				ENABLE_TESTABILITY = YES;
				GCC_C_LANGUAGE_STANDARD = gnu99;
				GCC_DYNAMIC_NO_PIC = NO;
				GCC_NO_COMMON_BLOCKS = YES;
				GCC_OPTIMIZATION_LEVEL = 0;
				GCC_PREPROCESSOR_DEFINITIONS = (
					HAVE_STDINT_H,
					"CAIRO_NO_MUTEX=1",
					HAVE_UINT64_T,
				);
				GCC_WARN_64_TO_32_BIT_CONVERSION = YES;
				GCC_WARN_ABOUT_RETURN_TYPE = YES_ERROR;
				GCC_WARN_UNDECLARED_SELECTOR = YES;
				GCC_WARN_UNINITIALIZED_AUTOS = YES_AGGRESSIVE;
				GCC_WARN_UNUSED_FUNCTION = NO;
				GCC_WARN_UNUSED_VARIABLE = NO;
				HEADER_SEARCH_PATHS = (
					"../COPKG/cairo/**",
					"../src/**",
				);
				IPHONEOS_DEPLOYMENT_TARGET = 9.2;
				MTL_ENABLE_DEBUG_INFO = YES;
				ONLY_ACTIVE_ARCH = YES;
				SDKROOT = iphoneos;
				TARGETED_DEVICE_FAMILY = "1,2";
			};
			name = Debug;
		};
		2C5BED341C63BB1F00D9A4C5 /* Release */ = {
			isa = XCBuildConfiguration;
			buildSettings = {
				ALWAYS_SEARCH_USER_PATHS = NO;
				CLANG_CXX_LANGUAGE_STANDARD = "gnu++0x";
				CLANG_CXX_LIBRARY = "libc++";
				CLANG_ENABLE_MODULES = YES;
				CLANG_ENABLE_OBJC_ARC = YES;
				CLANG_WARN_BOOL_CONVERSION = YES;
				CLANG_WARN_CONSTANT_CONVERSION = YES;
				CLANG_WARN_DIRECT_OBJC_ISA_USAGE = YES_ERROR;
				CLANG_WARN_EMPTY_BODY = YES;
				CLANG_WARN_ENUM_CONVERSION = NO;
				CLANG_WARN_INT_CONVERSION = YES;
				CLANG_WARN_OBJC_ROOT_CLASS = YES_ERROR;
				CLANG_WARN_UNREACHABLE_CODE = YES;
				CLANG_WARN__DUPLICATE_METHOD_MATCH = YES;
				"CODE_SIGN_IDENTITY[sdk=iphoneos*]" = "iPhone Developer";
				COPY_PHASE_STRIP = NO;
				DEBUG_INFORMATION_FORMAT = "dwarf-with-dsym";
				ENABLE_NS_ASSERTIONS = NO;
				ENABLE_STRICT_OBJC_MSGSEND = YES;
				GCC_C_LANGUAGE_STANDARD = gnu99;
				GCC_NO_COMMON_BLOCKS = YES;
				GCC_PREPROCESSOR_DEFINITIONS = (
					HAVE_STDINT_H,
					"CAIRO_NO_MUTEX=1",
					HAVE_UINT64_T,
				);
				GCC_WARN_64_TO_32_BIT_CONVERSION = YES;
				GCC_WARN_ABOUT_RETURN_TYPE = YES_ERROR;
				GCC_WARN_UNDECLARED_SELECTOR = YES;
				GCC_WARN_UNINITIALIZED_AUTOS = YES_AGGRESSIVE;
				GCC_WARN_UNUSED_FUNCTION = NO;
				GCC_WARN_UNUSED_VARIABLE = NO;
				HEADER_SEARCH_PATHS = (
					"../COPKG/cairo/**",
					"../src/**",
				);
				IPHONEOS_DEPLOYMENT_TARGET = 9.2;
				MTL_ENABLE_DEBUG_INFO = NO;
				SDKROOT = iphoneos;
				TARGETED_DEVICE_FAMILY = "1,2";
				VALIDATE_PRODUCT = YES;
			};
			name = Release;
		};
		2C5BED361C63BB1F00D9A4C5 /* Debug */ = {
			isa = XCBuildConfiguration;
			baseConfigurationReference = 310AEB72DCE6631985FE489A /* Pods.debug.xcconfig */;
			buildSettings = {
				ASSETCATALOG_COMPILER_APPICON_NAME = AppIcon;
				INFOPLIST_FILE = tests/Info.plist;
				LD_RUNPATH_SEARCH_PATHS = "$(inherited) @executable_path/Frameworks";
				PRODUCT_BUNDLE_IDENTIFIER = org.igagis.tests;
				PRODUCT_NAME = "$(TARGET_NAME)";
			};
			name = Debug;
		};
		2C5BED371C63BB1F00D9A4C5 /* Release */ = {
			isa = XCBuildConfiguration;
			baseConfigurationReference = 5F62E420E95C180157BEE52D /* Pods.release.xcconfig */;
			buildSettings = {
				ASSETCATALOG_COMPILER_APPICON_NAME = AppIcon;
				INFOPLIST_FILE = tests/Info.plist;
				LD_RUNPATH_SEARCH_PATHS = "$(inherited) @executable_path/Frameworks";
				PRODUCT_BUNDLE_IDENTIFIER = org.igagis.tests;
				PRODUCT_NAME = "$(TARGET_NAME)";
			};
			name = Release;
		};
/* End XCBuildConfiguration section */

/* Begin XCConfigurationList section */
		2C5BED191C63BB1F00D9A4C5 /* Build configuration list for PBXProject "tests" */ = {
			isa = XCConfigurationList;
			buildConfigurations = (
				2C5BED331C63BB1F00D9A4C5 /* Debug */,
				2C5BED341C63BB1F00D9A4C5 /* Release */,
			);
			defaultConfigurationIsVisible = 0;
			defaultConfigurationName = Release;
		};
		2C5BED351C63BB1F00D9A4C5 /* Build configuration list for PBXNativeTarget "tests" */ = {
			isa = XCConfigurationList;
			buildConfigurations = (
				2C5BED361C63BB1F00D9A4C5 /* Debug */,
				2C5BED371C63BB1F00D9A4C5 /* Release */,
			);
			defaultConfigurationIsVisible = 0;
			defaultConfigurationName = Release;
		};
/* End XCConfigurationList section */
	};
	rootObject = 2C5BED161C63BB1F00D9A4C5 /* Project object */;
}
